<?xml version="1.0" encoding="utf-8"?>
<Project ToolsVersion="4.0" xmlns="http://schemas.microsoft.com/developer/msbuild/2003">
  <ItemGroup>
    <Filter Include="KamataEngine">
      <UniqueIdentifier>{4FC737F1-C7A5-4376-A066-2A32D752A2FF}</UniqueIdentifier>
      <Extensions>cpp;c;cc;cxx;c++;cppm;ixx;def;odl;idl;hpj;bat;asm;asmx</Extensions>
    </Filter>
    <Filter Include="KamataEngine\Source">
      <UniqueIdentifier>{d966e9f8-e880-44ae-8586-a08515e4cffc}</UniqueIdentifier>
    </Filter>
    <Filter Include="KamataEngine\Include">
      <UniqueIdentifier>{4aae4e40-94f7-4d32-9a91-c0c37a2edf0d}</UniqueIdentifier>
    </Filter>
    <Filter Include="KamataEngine\Adapter">
      <UniqueIdentifier>{c6468eb4-788b-4a83-b207-a5f4804e56c5}</UniqueIdentifier>
    </Filter>
    <Filter Include="GameMain">
      <UniqueIdentifier>{e75e6ddb-aed9-44e6-9255-383cfaddfd86}</UniqueIdentifier>
    </Filter>
    <Filter Include="GameMain\cpp.file">
      <UniqueIdentifier>{9b2e886f-4649-4a1b-883c-bf9267ba6f94}</UniqueIdentifier>
    </Filter>
    <Filter Include="GameMain\header.file">
      <UniqueIdentifier>{2c95a48b-81e7-4143-8793-e7c94299f3f1}</UniqueIdentifier>
    </Filter>
    <Filter Include="GameMain\header.file\object">
      <UniqueIdentifier>{df64cea1-a5b2-45cf-8636-f29617a30df2}</UniqueIdentifier>
    </Filter>
    <Filter Include="GameMain\header.file\other">
      <UniqueIdentifier>{df4a8775-2548-4f2e-a07e-8e67f04b274d}</UniqueIdentifier>
    </Filter>
    <Filter Include="GameMain\header.file\scene">
      <UniqueIdentifier>{b19a3825-c187-41bd-bb17-791dbc917ab8}</UniqueIdentifier>
    </Filter>
    <Filter Include="GameMain\cpp.file\object">
      <UniqueIdentifier>{8a587c72-6816-44c6-9d01-564c3adc9568}</UniqueIdentifier>
    </Filter>
    <Filter Include="GameMain\cpp.file\other">
      <UniqueIdentifier>{e38b1227-4468-4bc3-9a17-b985a9e94d0a}</UniqueIdentifier>
    </Filter>
    <Filter Include="GameMain\cpp.file\scene">
      <UniqueIdentifier>{7a3724f8-4243-4f54-b670-151ef3d037a5}</UniqueIdentifier>
    </Filter>
  </ItemGroup>
  <ItemGroup>
    <ClCompile Include="C:\KamataEngine\DirectXGame\base\DirectXCommon.cpp">
      <Filter>KamataEngine\Source</Filter>
    </ClCompile>
    <ClCompile Include="C:\KamataEngine\DirectXGame\base\TextureManager.cpp">
      <Filter>KamataEngine\Source</Filter>
    </ClCompile>
    <ClCompile Include="C:\KamataEngine\DirectXGame\scene\GameScene.cpp">
      <Filter>KamataEngine\Source</Filter>
    </ClCompile>
    <ClCompile Include="C:\KamataEngine\DirectXGame\base\WinApp.cpp">
      <Filter>KamataEngine\Source</Filter>
    </ClCompile>
    <ClCompile Include="main.cpp" />
    <ClCompile Include="C:\KamataEngine\Adapter\Novice.cpp">
      <Filter>KamataEngine\Adapter</Filter>
    </ClCompile>
    <ClCompile Include="C:\KamataEngine\DirectXGame\2d\ImGuiManager.cpp">
      <Filter>KamataEngine</Filter>
    </ClCompile>
    <ClCompile Include="C:\KamataEngine\DirectXGame\base\StringUtility.cpp">
      <Filter>KamataEngine\Source</Filter>
    </ClCompile>
    <ClCompile Include="GameMain\cpp.file\object\Bullet.cpp">
      <Filter>GameMain\cpp.file\object</Filter>
    </ClCompile>
    <ClCompile Include="GameMain\cpp.file\object\BulletA.cpp">
      <Filter>GameMain\cpp.file\object</Filter>
    </ClCompile>
    <ClCompile Include="GameMain\cpp.file\object\BulletB.cpp">
      <Filter>GameMain\cpp.file\object</Filter>
    </ClCompile>
    <ClCompile Include="GameMain\cpp.file\object\Enemy.cpp">
      <Filter>GameMain\cpp.file\object</Filter>
    </ClCompile>
    <ClCompile Include="GameMain\cpp.file\object\Player.cpp">
      <Filter>GameMain\cpp.file\object</Filter>
    </ClCompile>
    <ClCompile Include="GameMain\cpp.file\object\Particle.cpp">
      <Filter>GameMain\cpp.file\object</Filter>
    </ClCompile>
    <ClCompile Include="GameMain\cpp.file\scene\ClearScene.cpp">
      <Filter>GameMain\cpp.file\scene</Filter>
    </ClCompile>
    <ClCompile Include="GameMain\cpp.file\scene\TitleScene.cpp">
      <Filter>GameMain\cpp.file\scene</Filter>
    </ClCompile>
    <ClCompile Include="GameMain\cpp.file\scene\StageScene.cpp">
      <Filter>GameMain\cpp.file\scene</Filter>
    </ClCompile>
    <ClCompile Include="GameMain\cpp.file\scene\IScene.cpp">
      <Filter>GameMain\cpp.file\scene</Filter>
    </ClCompile>
    <ClCompile Include="GameMain\cpp.file\other\MyStruct.cpp">
      <Filter>GameMain\cpp.file\other</Filter>
    </ClCompile>
    <ClCompile Include="GameMain\cpp.file\other\InputHandler.cpp">
      <Filter>GameMain\cpp.file\other</Filter>
    </ClCompile>
    <ClCompile Include="GameMain\cpp.file\other\ICommand.cpp">
      <Filter>GameMain\cpp.file\other</Filter>
    </ClCompile>
    <ClCompile Include="GameMain\cpp.file\GameManeger.cpp">
      <Filter>GameMain\cpp.file</Filter>
    </ClCompile>
  </ItemGroup>
  <ItemGroup>
    <ClInclude Include="C:\KamataEngine\DirectXGame\audio\Audio.h">
      <Filter>KamataEngine\Include</Filter>
    </ClInclude>
    <ClInclude Include="C:\KamataEngine\DirectXGame\2d\DebugText.h">
      <Filter>KamataEngine\Include</Filter>
    </ClInclude>
    <ClInclude Include="C:\KamataEngine\DirectXGame\base\DirectXCommon.h">
      <Filter>KamataEngine\Include</Filter>
    </ClInclude>
    <ClInclude Include="C:\KamataEngine\DirectXGame\scene\GameScene.h">
      <Filter>KamataEngine\Include</Filter>
    </ClInclude>
    <ClInclude Include="C:\KamataEngine\DirectXGame\input\Input.h">
      <Filter>KamataEngine\Include</Filter>
    </ClInclude>
    <ClInclude Include="C:\KamataEngine\DirectXGame\3d\Model.h">
      <Filter>KamataEngine\Include</Filter>
    </ClInclude>
    <ClInclude Include="C:\KamataEngine\DirectXGame\base\SafeDelete.h">
      <Filter>KamataEngine\Include</Filter>
    </ClInclude>
    <ClInclude Include="C:\KamataEngine\DirectXGame\2d\Sprite.h">
      <Filter>KamataEngine\Include</Filter>
    </ClInclude>
    <ClInclude Include="C:\KamataEngine\DirectXGame\base\TextureManager.h">
      <Filter>KamataEngine\Include</Filter>
    </ClInclude>
    <ClInclude Include="C:\KamataEngine\DirectXGame\3d\ViewProjection.h">
      <Filter>KamataEngine\Include</Filter>
    </ClInclude>
    <ClInclude Include="C:\KamataEngine\DirectXGame\base\WinApp.h">
      <Filter>KamataEngine\Include</Filter>
    </ClInclude>
    <ClInclude Include="C:\KamataEngine\DirectXGame\3d\WorldTransform.h">
      <Filter>KamataEngine\Include</Filter>
    </ClInclude>
    <ClInclude Include="C:\KamataEngine\Adapter\Novice.h">
      <Filter>KamataEngine\Adapter</Filter>
    </ClInclude>
    <ClInclude Include="C:\KamataEngine\DirectXGame\3d\CircleShadow.h">
      <Filter>KamataEngine\Include</Filter>
    </ClInclude>
    <ClInclude Include="C:\KamataEngine\DirectXGame\3d\DebugCamera.h">
      <Filter>KamataEngine\Include</Filter>
    </ClInclude>
    <ClInclude Include="C:\KamataEngine\DirectXGame\3d\DirectionalLight.h">
      <Filter>KamataEngine\Include</Filter>
    </ClInclude>
    <ClInclude Include="C:\KamataEngine\DirectXGame\3d\LightGroup.h">
      <Filter>KamataEngine\Include</Filter>
    </ClInclude>
    <ClInclude Include="C:\KamataEngine\DirectXGame\3d\Material.h">
      <Filter>KamataEngine\Include</Filter>
    </ClInclude>
    <ClInclude Include="C:\KamataEngine\DirectXGame\3d\Mesh.h">
      <Filter>KamataEngine\Include</Filter>
    </ClInclude>
    <ClInclude Include="C:\KamataEngine\DirectXGame\3d\PointLight.h">
      <Filter>KamataEngine\Include</Filter>
    </ClInclude>
    <ClInclude Include="C:\KamataEngine\DirectXGame\3d\SpotLight.h">
      <Filter>KamataEngine\Include</Filter>
    </ClInclude>
    <ClInclude Include="C:\KamataEngine\DirectXGame\math\Matrix4x4.h" />
    <ClInclude Include="C:\KamataEngine\DirectXGame\math\Vector2.h" />
    <ClInclude Include="C:\KamataEngine\DirectXGame\math\Vector3.h" />
    <ClInclude Include="C:\KamataEngine\DirectXGame\math\Vector4.h" />
    <ClInclude Include="C:\KamataEngine\DirectXGame\2d\ImGuiManager.h" />
    <ClInclude Include="C:\KamataEngine\DirectXGame\base\StringUtility.h">
      <Filter>KamataEngine\Include</Filter>
    </ClInclude>
    <ClInclude Include="GameMain\header.file\object\Bullet.h">
      <Filter>GameMain\header.file\object</Filter>
    </ClInclude>
    <ClInclude Include="GameMain\header.file\object\BulletA.h">
      <Filter>GameMain\header.file\object</Filter>
    </ClInclude>
    <ClInclude Include="GameMain\header.file\object\BulletB.h">
      <Filter>GameMain\header.file\object</Filter>
    </ClInclude>
    <ClInclude Include="GameMain\header.file\object\Enemy.h">
      <Filter>GameMain\header.file\object</Filter>
    </ClInclude>
    <ClInclude Include="GameMain\header.file\object\Player.h">
      <Filter>GameMain\header.file\object</Filter>
    </ClInclude>
    <ClInclude Include="GameMain\header.file\object\Particle.h">
      <Filter>GameMain\header.file\object</Filter>
    </ClInclude>
    <ClInclude Include="GameMain\header.file\scene\ClearScene.h">
      <Filter>GameMain\header.file\scene</Filter>
    </ClInclude>
    <ClInclude Include="GameMain\header.file\scene\IScene.h">
      <Filter>GameMain\header.file\scene</Filter>
    </ClInclude>
    <ClInclude Include="GameMain\header.file\scene\TitleScene.h">
      <Filter>GameMain\header.file\scene</Filter>
    </ClInclude>
    <ClInclude Include="GameMain\header.file\scene\StageScene.h">
      <Filter>GameMain\header.file\scene</Filter>
    </ClInclude>
    <ClInclude Include="GameMain\header.file\GameManeger.h">
      <Filter>GameMain\header.file</Filter>
    </ClInclude>
    <ClInclude Include="GameMain\header.file\other\ICommand.h">
      <Filter>GameMain\header.file\other</Filter>
    </ClInclude>
    <ClInclude Include="GameMain\header.file\other\InputHandler.h">
      <Filter>GameMain\header.file\other</Filter>
    </ClInclude>
    <ClInclude Include="GameMain\header.file\other\MyStruct.h">
      <Filter>GameMain\header.file\other</Filter>
    </ClInclude>
  </ItemGroup>
</Project>